PODS:
  - Alamofire (4.2.0)
  - MaterialKit (0.4)

DEPENDENCIES:
  - Alamofire (~> 4.0)
  - MaterialKit (from `https://github.com/faresbh/MaterialKit`, branch `swift3`)

EXTERNAL SOURCES:
  MaterialKit:
    :branch: swift3
    :git: https://github.com/faresbh/MaterialKit

CHECKOUT OPTIONS:
  MaterialKit:
    :commit: 45bc7791f7e0583a94ced7d4cfc852fddc7800ca
    :git: https://github.com/faresbh/MaterialKit

SPEC CHECKSUMS:
  Alamofire: aa2e09d871c9160ac53c90e83c68064a94e3dfbe
  MaterialKit: 2e5267bcf410b82793f2b92d2111f8ae4ed2c3f2

PODFILE CHECKSUM: 339ddb3e0db0734c08b26ecfdd7d55d8ece285a9

COCOAPODS: 1.1.1
